
Microsoft Visual Studio Solution File, Format Version 12.00
# Visual Studio Version 17
VisualStudioVersion = 17.1.32414.318
MinimumVisualStudioVersion = 10.0.40219.1
Project("{FAE04EC0-301F-11D3-BF4B-00C04F79EFBC}") = "ObjectOrientedRestaurantExample", "ObjectOrientedRestaurantExample\ObjectOrientedRestaurantExample.csproj", "{2B1FA423-C9DB-4D9E-A5FA-90478BE0706B}"
EndProject
Global
	GlobalSection(SolutionConfigurationPlatforms) = preSolution
		Debug|Any CPU = Debug|Any CPU
		Release|Any CPU = Release|Any CPU
	EndGlobalSection
	GlobalSection(ProjectConfigurationPlatforms) = postSolution
		{2B1FA423-C9DB-4D9E-A5FA-90478BE0706B}.Debug|Any CPU.ActiveCfg = Debug|Any CPU
		{2B1FA423-C9DB-4D9E-A5FA-90478BE0706B}.Debug|Any CPU.Build.0 = Debug|Any CPU
		{2B1FA423-C9DB-4D9E-A5FA-90478BE0706B}.Release|Any CPU.ActiveCfg = Release|Any CPU
		{2B1FA423-C9DB-4D9E-A5FA-90478BE0706B}.Release|Any CPU.Build.0 = Release|Any CPU
	EndGlobalSection
	GlobalSection(SolutionProperties) = preSolution
		HideSolutionNode = FALSE
	EndGlobalSection
	GlobalSection(ExtensibilityGlobals) = postSolution
		SolutionGuid = {F9DCDD05-8245-4EA7-8E26-DA3DB8426C2A}
	EndGlobalSection
EndGlobal
