
Microsoft Visual Studio Solution File, Format Version 12.00
# Visual Studio Version 17
VisualStudioVersion = 17.1.32414.318
MinimumVisualStudioVersion = 10.0.40219.1
Project("{FAE04EC0-301F-11D3-BF4B-00C04F79EFBC}") = "PasswordGenerator", "PasswordGenerator\PasswordGenerator.csproj", "{9CA1578E-B977-4BAD-B464-4BC8E441FB8B}"
EndProject
Project("{FAE04EC0-301F-11D3-BF4B-00C04F79EFBC}") = "RandomDigitAndRandomLetter", "RandomDigitAndRandomLetter\RandomDigitAndRandomLetter.csproj", "{5F646301-191F-411C-9704-9EE790CB6211}"
EndProject
Global
	GlobalSection(SolutionConfigurationPlatforms) = preSolution
		Debug|Any CPU = Debug|Any CPU
		Release|Any CPU = Release|Any CPU
	EndGlobalSection
	GlobalSection(ProjectConfigurationPlatforms) = postSolution
		{9CA1578E-B977-4BAD-B464-4BC8E441FB8B}.Debug|Any CPU.ActiveCfg = Debug|Any CPU
		{9CA1578E-B977-4BAD-B464-4BC8E441FB8B}.Debug|Any CPU.Build.0 = Debug|Any CPU
		{9CA1578E-B977-4BAD-B464-4BC8E441FB8B}.Release|Any CPU.ActiveCfg = Release|Any CPU
		{9CA1578E-B977-4BAD-B464-4BC8E441FB8B}.Release|Any CPU.Build.0 = Release|Any CPU
		{5F646301-191F-411C-9704-9EE790CB6211}.Debug|Any CPU.ActiveCfg = Debug|Any CPU
		{5F646301-191F-411C-9704-9EE790CB6211}.Debug|Any CPU.Build.0 = Debug|Any CPU
		{5F646301-191F-411C-9704-9EE790CB6211}.Release|Any CPU.ActiveCfg = Release|Any CPU
		{5F646301-191F-411C-9704-9EE790CB6211}.Release|Any CPU.Build.0 = Release|Any CPU
	EndGlobalSection
	GlobalSection(SolutionProperties) = preSolution
		HideSolutionNode = FALSE
	EndGlobalSection
	GlobalSection(ExtensibilityGlobals) = postSolution
		SolutionGuid = {0F116F6D-2FB2-4BE9-9CF9-CEDEE9D2DC43}
	EndGlobalSection
EndGlobal
